// !$*UTF8*$!
{
	archiveVersion = 1;
	classes = {
	};
	objectVersion = 46;
	objects = {

/* Begin PBXBuildFile section */
		007457EE1E4ECB600077C86D /* AppDelegate.swift in Sources */ = {isa = PBXBuildFile; fileRef = 007457ED1E4ECB600077C86D /* AppDelegate.swift */; };
		007457F31E4ECB600077C86D /* Main.storyboard in Resources */ = {isa = PBXBuildFile; fileRef = 007457F11E4ECB600077C86D /* Main.storyboard */; };
		007457F51E4ECB600077C86D /* Assets.xcassets in Resources */ = {isa = PBXBuildFile; fileRef = 007457F41E4ECB600077C86D /* Assets.xcassets */; };
		007457F81E4ECB600077C86D /* LaunchScreen.storyboard in Resources */ = {isa = PBXBuildFile; fileRef = 007457F61E4ECB600077C86D /* LaunchScreen.storyboard */; };
		007458001E4ECBE30077C86D /* NoteListViewController.swift in Sources */ = {isa = PBXBuildFile; fileRef = 007457FF1E4ECBE30077C86D /* NoteListViewController.swift */; };
		007458021E4ECD8B0077C86D /* Note.swift in Sources */ = {isa = PBXBuildFile; fileRef = 007458011E4ECD8B0077C86D /* Note.swift */; };
		00A0450D1E837B3600470321 /* NoteApp的MVC.png in Resources */ = {isa = PBXBuildFile; fileRef = 00A0450C1E837B3600470321 /* NoteApp的MVC.png */; };
		00A045121E83826900470321 /* NoteViewController.swift in Sources */ = {isa = PBXBuildFile; fileRef = 00A045111E83826900470321 /* NoteViewController.swift */; };
		00A045151E83BBB700470321 /* NoteModel.xcdatamodeld in Sources */ = {isa = PBXBuildFile; fileRef = 00A045131E83BBB700470321 /* NoteModel.xcdatamodeld */; };
		00A045171E83BDA400470321 /* CoreDataHelper.swift in Sources */ = {isa = PBXBuildFile; fileRef = 00A045161E83BDA400470321 /* CoreDataHelper.swift */; };
/* End PBXBuildFile section */

/* Begin PBXFileReference section */
		007457EA1E4ECB600077C86D /* NoteAppForSwift.app */ = {isa = PBXFileReference; explicitFileType = wrapper.application; includeInIndex = 0; path = NoteAppForSwift.app; sourceTree = BUILT_PRODUCTS_DIR; };
		007457ED1E4ECB600077C86D /* AppDelegate.swift */ = {isa = PBXFileReference; lastKnownFileType = sourcecode.swift; path = AppDelegate.swift; sourceTree = "<group>"; };
		007457F21E4ECB600077C86D /* Base */ = {isa = PBXFileReference; lastKnownFileType = file.storyboard; name = Base; path = Base.lproj/Main.storyboard; sourceTree = "<group>"; };
		007457F41E4ECB600077C86D /* Assets.xcassets */ = {isa = PBXFileReference; lastKnownFileType = folder.assetcatalog; path = Assets.xcassets; sourceTree = "<group>"; };
		007457F71E4ECB600077C86D /* Base */ = {isa = PBXFileReference; lastKnownFileType = file.storyboard; name = Base; path = Base.lproj/LaunchScreen.storyboard; sourceTree = "<group>"; };
		007457F91E4ECB600077C86D /* Info.plist */ = {isa = PBXFileReference; lastKnownFileType = text.plist.xml; path = Info.plist; sourceTree = "<group>"; };
		007457FF1E4ECBE30077C86D /* NoteListViewController.swift */ = {isa = PBXFileReference; fileEncoding = 4; lastKnownFileType = sourcecode.swift; path = NoteListViewController.swift; sourceTree = "<group>"; };
		007458011E4ECD8B0077C86D /* Note.swift */ = {isa = PBXFileReference; fileEncoding = 4; lastKnownFileType = sourcecode.swift; path = Note.swift; sourceTree = "<group>"; };
		00A0450C1E837B3600470321 /* NoteApp的MVC.png */ = {isa = PBXFileReference; lastKnownFileType = image.png; path = "NoteApp的MVC.png"; sourceTree = "<group>"; };
		00A045111E83826900470321 /* NoteViewController.swift */ = {isa = PBXFileReference; fileEncoding = 4; lastKnownFileType = sourcecode.swift; path = NoteViewController.swift; sourceTree = "<group>"; };
		00A045141E83BBB700470321 /* NoteModel.xcdatamodel */ = {isa = PBXFileReference; lastKnownFileType = wrapper.xcdatamodel; path = NoteModel.xcdatamodel; sourceTree = "<group>"; };
		00A045161E83BDA400470321 /* CoreDataHelper.swift */ = {isa = PBXFileReference; fileEncoding = 4; lastKnownFileType = sourcecode.swift; path = CoreDataHelper.swift; sourceTree = "<group>"; };
/* End PBXFileReference section */

/* Begin PBXFrameworksBuildPhase section */
		007457E71E4ECB600077C86D /* Frameworks */ = {
			isa = PBXFrameworksBuildPhase;
			buildActionMask = 2147483647;
			files = (
			);
			runOnlyForDeploymentPostprocessing = 0;
		};
/* End PBXFrameworksBuildPhase section */

/* Begin PBXGroup section */
		007457E11E4ECB600077C86D = {
			isa = PBXGroup;
			children = (
				007457EC1E4ECB600077C86D /* NoteAppForSwift */,
				007457EB1E4ECB600077C86D /* Products */,
			);
			sourceTree = "<group>";
		};
		007457EB1E4ECB600077C86D /* Products */ = {
			isa = PBXGroup;
			children = (
				007457EA1E4ECB600077C86D /* NoteAppForSwift.app */,
			);
			name = Products;
			sourceTree = "<group>";
		};
		007457EC1E4ECB600077C86D /* NoteAppForSwift */ = {
			isa = PBXGroup;
			children = (
				007457ED1E4ECB600077C86D /* AppDelegate.swift */,
				00A0450E1E837B7A00470321 /* Model */,
				00A0450F1E837B9400470321 /* View */,
				00A045101E837BBF00470321 /* Controller */,
				007457F11E4ECB600077C86D /* Main.storyboard */,
				007457F41E4ECB600077C86D /* Assets.xcassets */,
				007457F61E4ECB600077C86D /* LaunchScreen.storyboard */,
				007457F91E4ECB600077C86D /* Info.plist */,
				00A0450C1E837B3600470321 /* NoteApp的MVC.png */,
				00A045131E83BBB700470321 /* NoteModel.xcdatamodeld */,
				00A045161E83BDA400470321 /* CoreDataHelper.swift */,
			);
			path = NoteAppForSwift;
			sourceTree = "<group>";
		};
		00A0450E1E837B7A00470321 /* Model */ = {
			isa = PBXGroup;
			children = (
				007458011E4ECD8B0077C86D /* Note.swift */,
			);
			name = Model;
			sourceTree = "<group>";
		};
		00A0450F1E837B9400470321 /* View */ = {
			isa = PBXGroup;
			children = (
			);
			name = View;
			sourceTree = "<group>";
		};
		00A045101E837BBF00470321 /* Controller */ = {
			isa = PBXGroup;
			children = (
				007457FF1E4ECBE30077C86D /* NoteListViewController.swift */,
				00A045111E83826900470321 /* NoteViewController.swift */,
			);
			name = Controller;
			sourceTree = "<group>";
		};
/* End PBXGroup section */

/* Begin PBXNativeTarget section */
		007457E91E4ECB600077C86D /* NoteAppForSwift */ = {
			isa = PBXNativeTarget;
			buildConfigurationList = 007457FC1E4ECB600077C86D /* Build configuration list for PBXNativeTarget "NoteAppForSwift" */;
			buildPhases = (
				007457E61E4ECB600077C86D /* Sources */,
				007457E71E4ECB600077C86D /* Frameworks */,
				007457E81E4ECB600077C86D /* Resources */,
			);
			buildRules = (
			);
			dependencies = (
			);
			name = NoteAppForSwift;
			productName = NoteAppForSwift;
			productReference = 007457EA1E4ECB600077C86D /* NoteAppForSwift.app */;
			productType = "com.apple.product-type.application";
		};
/* End PBXNativeTarget section */

/* Begin PBXProject section */
		007457E21E4ECB600077C86D /* Project object */ = {
			isa = PBXProject;
			attributes = {
				LastSwiftUpdateCheck = 0820;
				LastUpgradeCheck = 0820;
				ORGANIZATIONNAME = ANAN;
				TargetAttributes = {
					007457E91E4ECB600077C86D = {
						CreatedOnToolsVersion = 8.2.1;
						DevelopmentTeam = QUGRN27H3U;
						ProvisioningStyle = Automatic;
					};
				};
			};
			buildConfigurationList = 007457E51E4ECB600077C86D /* Build configuration list for PBXProject "NoteAppForSwift" */;
			compatibilityVersion = "Xcode 3.2";
			developmentRegion = English;
			hasScannedForEncodings = 0;
			knownRegions = (
				en,
				Base,
			);
			mainGroup = 007457E11E4ECB600077C86D;
			productRefGroup = 007457EB1E4ECB600077C86D /* Products */;
			projectDirPath = "";
			projectRoot = "";
			targets = (
				007457E91E4ECB600077C86D /* NoteAppForSwift */,
			);
		};
/* End PBXProject section */

/* Begin PBXResourcesBuildPhase section */
		007457E81E4ECB600077C86D /* Resources */ = {
			isa = PBXResourcesBuildPhase;
			buildActionMask = 2147483647;
			files = (
				007457F81E4ECB600077C86D /* LaunchScreen.storyboard in Resources */,
				007457F51E4ECB600077C86D /* Assets.xcassets in Resources */,
				007457F31E4ECB600077C86D /* Main.storyboard in Resources */,
				00A0450D1E837B3600470321 /* NoteApp的MVC.png in Resources */,
			);
			runOnlyForDeploymentPostprocessing = 0;
		};
/* End PBXResourcesBuildPhase section */

/* Begin PBXSourcesBuildPhase section */
		007457E61E4ECB600077C86D /* Sources */ = {
			isa = PBXSourcesBuildPhase;
			buildActionMask = 2147483647;
			files = (
				00A045171E83BDA400470321 /* CoreDataHelper.swift in Sources */,
				00A045121E83826900470321 /* NoteViewController.swift in Sources */,
				007457EE1E4ECB600077C86D /* AppDelegate.swift in Sources */,
				00A045151E83BBB700470321 /* NoteModel.xcdatamodeld in Sources */,
				007458001E4ECBE30077C86D /* NoteListViewController.swift in Sources */,
				007458021E4ECD8B0077C86D /* Note.swift in Sources */,
			);
			runOnlyForDeploymentPostprocessing = 0;
		};
/* End PBXSourcesBuildPhase section */

/* Begin PBXVariantGroup section */
		007457F11E4ECB600077C86D /* Main.storyboard */ = {
			isa = PBXVariantGroup;
			children = (
				007457F21E4ECB600077C86D /* Base */,
			);
			name = Main.storyboard;
			sourceTree = "<group>";
		};
		007457F61E4ECB600077C86D /* LaunchScreen.storyboard */ = {
			isa = PBXVariantGroup;
			children = (
				007457F71E4ECB600077C86D /* Base */,
			);
			name = LaunchScreen.storyboard;
			sourceTree = "<group>";
		};
/* End PBXVariantGroup section */

/* Begin XCBuildConfiguration section */
		007457FA1E4ECB600077C86D /* Debug */ = {
			isa = XCBuildConfiguration;
			buildSettings = {
				ALWAYS_SEARCH_USER_PATHS = NO;
				CLANG_ANALYZER_NONNULL = YES;
				CLANG_CXX_LANGUAGE_STANDARD = "gnu++0x";
				CLANG_CXX_LIBRARY = "libc++";
				CLANG_ENABLE_MODULES = YES;
				CLANG_ENABLE_OBJC_ARC = YES;
				CLANG_WARN_BOOL_CONVERSION = YES;
				CLANG_WARN_CONSTANT_CONVERSION = YES;
				CLANG_WARN_DIRECT_OBJC_ISA_USAGE = YES_ERROR;
				CLANG_WARN_DOCUMENTATION_COMMENTS = YES;
				CLANG_WARN_EMPTY_BODY = YES;
				CLANG_WARN_ENUM_CONVERSION = YES;
				CLANG_WARN_INFINITE_RECURSION = YES;
				CLANG_WARN_INT_CONVERSION = YES;
				CLANG_WARN_OBJC_ROOT_CLASS = YES_ERROR;
				CLANG_WARN_SUSPICIOUS_MOVE = YES;
				CLANG_WARN_UNREACHABLE_CODE = YES;
				CLANG_WARN__DUPLICATE_METHOD_MATCH = YES;
				"CODE_SIGN_IDENTITY[sdk=iphoneos*]" = "iPhone Developer";
				COPY_PHASE_STRIP = NO;
				DEBUG_INFORMATION_FORMAT = dwarf;
				ENABLE_STRICT_OBJC_MSGSEND = YES;
				ENABLE_TESTABILITY = YES;
				GCC_C_LANGUAGE_STANDARD = gnu99;
				GCC_DYNAMIC_NO_PIC = NO;
				GCC_NO_COMMON_BLOCKS = YES;
				GCC_OPTIMIZATION_LEVEL = 0;
				GCC_PREPROCESSOR_DEFINITIONS = (
					"DEBUG=1",
					"$(inherited)",
				);
				GCC_WARN_64_TO_32_BIT_CONVERSION = YES;
				GCC_WARN_ABOUT_RETURN_TYPE = YES_ERROR;
				GCC_WARN_UNDECLARED_SELECTOR = YES;
				GCC_WARN_UNINITIALIZED_AUTOS = YES_AGGRESSIVE;
				GCC_WARN_UNUSED_FUNCTION = YES;
				GCC_WARN_UNUSED_VARIABLE = YES;
				IPHONEOS_DEPLOYMENT_TARGET = 10.2;
				MTL_ENABLE_DEBUG_INFO = YES;
				ONLY_ACTIVE_ARCH = YES;
				SDKROOT = iphoneos;
				SWIFT_ACTIVE_COMPILATION_CONDITIONS = DEBUG;
				SWIFT_OPTIMIZATION_LEVEL = "-Onone";
				TARGETED_DEVICE_FAMILY = "1,2";
			};
			name = Debug;
		};
		007457FB1E4ECB600077C86D /* Release */ = {
			isa = XCBuildConfiguration;
			buildSettings = {
				ALWAYS_SEARCH_USER_PATHS = NO;
				CLANG_ANALYZER_NONNULL = YES;
				CLANG_CXX_LANGUAGE_STANDARD = "gnu++0x";
				CLANG_CXX_LIBRARY = "libc++";
				CLANG_ENABLE_MODULES = YES;
				CLANG_ENABLE_OBJC_ARC = YES;
				CLANG_WARN_BOOL_CONVERSION = YES;
				CLANG_WARN_CONSTANT_CONVERSION = YES;
				CLANG_WARN_DIRECT_OBJC_ISA_USAGE = YES_ERROR;
				CLANG_WARN_DOCUMENTATION_COMMENTS = YES;
				CLANG_WARN_EMPTY_BODY = YES;
				CLANG_WARN_ENUM_CONVERSION = YES;
				CLANG_WARN_INFINITE_RECURSION = YES;
				CLANG_WARN_INT_CONVERSION = YES;
				CLANG_WARN_OBJC_ROOT_CLASS = YES_ERROR;
				CLANG_WARN_SUSPICIOUS_MOVE = YES;
				CLANG_WARN_UNREACHABLE_CODE = YES;
				CLANG_WARN__DUPLICATE_METHOD_MATCH = YES;
				"CODE_SIGN_IDENTITY[sdk=iphoneos*]" = "iPhone Developer";
				COPY_PHASE_STRIP = NO;
				DEBUG_INFORMATION_FORMAT = "dwarf-with-dsym";
				ENABLE_NS_ASSERTIONS = NO;
				ENABLE_STRICT_OBJC_MSGSEND = YES;
				GCC_C_LANGUAGE_STANDARD = gnu99;
				GCC_NO_COMMON_BLOCKS = YES;
				GCC_WARN_64_TO_32_BIT_CONVERSION = YES;
				GCC_WARN_ABOUT_RETURN_TYPE = YES_ERROR;
				GCC_WARN_UNDECLARED_SELECTOR = YES;
				GCC_WARN_UNINITIALIZED_AUTOS = YES_AGGRESSIVE;
				GCC_WARN_UNUSED_FUNCTION = YES;
				GCC_WARN_UNUSED_VARIABLE = YES;
				IPHONEOS_DEPLOYMENT_TARGET = 10.2;
				MTL_ENABLE_DEBUG_INFO = NO;
				SDKROOT = iphoneos;
				SWIFT_OPTIMIZATION_LEVEL = "-Owholemodule";
				TARGETED_DEVICE_FAMILY = "1,2";
				VALIDATE_PRODUCT = YES;
			};
			name = Release;
		};
		007457FD1E4ECB600077C86D /* Debug */ = {
			isa = XCBuildConfiguration;
			buildSettings = {
				ASSETCATALOG_COMPILER_APPICON_NAME = AppIcon;
				DEVELOPMENT_TEAM = QUGRN27H3U;
				INFOPLIST_FILE = NoteAppForSwift/Info.plist;
				IPHONEOS_DEPLOYMENT_TARGET = 9.3;
				LD_RUNPATH_SEARCH_PATHS = "$(inherited) @executable_path/Frameworks";
				PRODUCT_BUNDLE_IDENTIFIER = changan.chen.NoteAppForSwift;
				PRODUCT_NAME = "$(TARGET_NAME)";
				SWIFT_VERSION = 3.0;
			};
			name = Debug;
		};
		007457FE1E4ECB600077C86D /* Release */ = {
			isa = XCBuildConfiguration;
			buildSettings = {
				ASSETCATALOG_COMPILER_APPICON_NAME = AppIcon;
				DEVELOPMENT_TEAM = QUGRN27H3U;
				INFOPLIST_FILE = NoteAppForSwift/Info.plist;
				IPHONEOS_DEPLOYMENT_TARGET = 9.3;
				LD_RUNPATH_SEARCH_PATHS = "$(inherited) @executable_path/Frameworks";
				PRODUCT_BUNDLE_IDENTIFIER = changan.chen.NoteAppForSwift;
				PRODUCT_NAME = "$(TARGET_NAME)";
				SWIFT_VERSION = 3.0;
			};
			name = Release;
		};
/* End XCBuildConfiguration section */

/* Begin XCConfigurationList section */
		007457E51E4ECB600077C86D /* Build configuration list for PBXProject "NoteAppForSwift" */ = {
			isa = XCConfigurationList;
			buildConfigurations = (
				007457FA1E4ECB600077C86D /* Debug */,
				007457FB1E4ECB600077C86D /* Release */,
			);
			defaultConfigurationIsVisible = 0;
			defaultConfigurationName = Release;
		};
		007457FC1E4ECB600077C86D /* Build configuration list for PBXNativeTarget "NoteAppForSwift" */ = {
			isa = XCConfigurationList;
			buildConfigurations = (
				007457FD1E4ECB600077C86D /* Debug */,
				007457FE1E4ECB600077C86D /* Release */,
			);
			defaultConfigurationIsVisible = 0;
			defaultConfigurationName = Release;
		};
/* End XCConfigurationList section */

/* Begin XCVersionGroup section */
		00A045131E83BBB700470321 /* NoteModel.xcdatamodeld */ = {
			isa = XCVersionGroup;
			children = (
				00A045141E83BBB700470321 /* NoteModel.xcdatamodel */,
			);
			currentVersion = 00A045141E83BBB700470321 /* NoteModel.xcdatamodel */;
			path = NoteModel.xcdatamodeld;
			sourceTree = "<group>";
			versionGroupType = wrapper.xcdatamodel;
		};
/* End XCVersionGroup section */
	};
	rootObject = 007457E21E4ECB600077C86D /* Project object */;
}
